
Microsoft Visual Studio Solution File, Format Version 12.00
# Visual Studio 14
VisualStudioVersion = 14.0.25420.1
MinimumVisualStudioVersion = 10.0.40219.1
Project("{FAE04EC0-301F-11D3-BF4B-00C04F79EFBC}") = "WebApp", "WebApp\WebApp.csproj", "{3645C6A1-9E7B-491B-9DE6-90A690009EE9}"
EndProject
Project("{2150E333-8FDC-42A3-9474-1A3956D46DE8}") = "MVC", "MVC", "{076DB3E2-764A-4E13-BE33-9EFE4A50FA1C}"
EndProject
Project("{2150E333-8FDC-42A3-9474-1A3956D46DE8}") = "Services", "Services", "{C0C61C3E-718D-4952-AC0E-D240BB3EFAB2}"
EndProject
Project("{FAE04EC0-301F-11D3-BF4B-00C04F79EFBC}") = "WCFService", "WCFService\WCFService.csproj", "{1285986F-373B-4008-B55A-D210AC8DF03F}"
EndProject
Project("{FAE04EC0-301F-11D3-BF4B-00C04F79EFBC}") = "DataAccess", "DataAccess\DataAccess.csproj", "{1A551B3F-5A1B-4454-B605-14EE00EE8DC8}"
EndProject
Project("{FAE04EC0-301F-11D3-BF4B-00C04F79EFBC}") = "DTO", "DTO\DTO.csproj", "{37D44854-DCE2-4F34-9C36-20C72F61B4E3}"
EndProject
Project("{FAE04EC0-301F-11D3-BF4B-00C04F79EFBC}") = "Bussiness", "BS\Bussiness.csproj", "{79B7A108-5829-473F-81B1-21BA6219089B}"
	ProjectSection(ProjectDependencies) = postProject
		{1285986F-373B-4008-B55A-D210AC8DF03F} = {1285986F-373B-4008-B55A-D210AC8DF03F}
	EndProjectSection
EndProject
Global
	GlobalSection(SolutionConfigurationPlatforms) = preSolution
		Debug|Any CPU = Debug|Any CPU
		Release|Any CPU = Release|Any CPU
	EndGlobalSection
	GlobalSection(ProjectConfigurationPlatforms) = postSolution
		{3645C6A1-9E7B-491B-9DE6-90A690009EE9}.Debug|Any CPU.ActiveCfg = Debug|Any CPU
		{3645C6A1-9E7B-491B-9DE6-90A690009EE9}.Debug|Any CPU.Build.0 = Debug|Any CPU
		{3645C6A1-9E7B-491B-9DE6-90A690009EE9}.Release|Any CPU.ActiveCfg = Release|Any CPU
		{3645C6A1-9E7B-491B-9DE6-90A690009EE9}.Release|Any CPU.Build.0 = Release|Any CPU
		{1285986F-373B-4008-B55A-D210AC8DF03F}.Debug|Any CPU.ActiveCfg = Debug|Any CPU
		{1285986F-373B-4008-B55A-D210AC8DF03F}.Debug|Any CPU.Build.0 = Debug|Any CPU
		{1285986F-373B-4008-B55A-D210AC8DF03F}.Release|Any CPU.ActiveCfg = Release|Any CPU
		{1285986F-373B-4008-B55A-D210AC8DF03F}.Release|Any CPU.Build.0 = Release|Any CPU
		{1A551B3F-5A1B-4454-B605-14EE00EE8DC8}.Debug|Any CPU.ActiveCfg = Debug|Any CPU
		{1A551B3F-5A1B-4454-B605-14EE00EE8DC8}.Debug|Any CPU.Build.0 = Debug|Any CPU
		{1A551B3F-5A1B-4454-B605-14EE00EE8DC8}.Release|Any CPU.ActiveCfg = Release|Any CPU
		{1A551B3F-5A1B-4454-B605-14EE00EE8DC8}.Release|Any CPU.Build.0 = Release|Any CPU
		{37D44854-DCE2-4F34-9C36-20C72F61B4E3}.Debug|Any CPU.ActiveCfg = Debug|Any CPU
		{37D44854-DCE2-4F34-9C36-20C72F61B4E3}.Debug|Any CPU.Build.0 = Debug|Any CPU
		{37D44854-DCE2-4F34-9C36-20C72F61B4E3}.Release|Any CPU.ActiveCfg = Release|Any CPU
		{37D44854-DCE2-4F34-9C36-20C72F61B4E3}.Release|Any CPU.Build.0 = Release|Any CPU
		{79B7A108-5829-473F-81B1-21BA6219089B}.Debug|Any CPU.ActiveCfg = Debug|Any CPU
		{79B7A108-5829-473F-81B1-21BA6219089B}.Debug|Any CPU.Build.0 = Debug|Any CPU
		{79B7A108-5829-473F-81B1-21BA6219089B}.Release|Any CPU.ActiveCfg = Release|Any CPU
		{79B7A108-5829-473F-81B1-21BA6219089B}.Release|Any CPU.Build.0 = Release|Any CPU
	EndGlobalSection
	GlobalSection(SolutionProperties) = preSolution
		HideSolutionNode = FALSE
	EndGlobalSection
	GlobalSection(NestedProjects) = preSolution
		{3645C6A1-9E7B-491B-9DE6-90A690009EE9} = {076DB3E2-764A-4E13-BE33-9EFE4A50FA1C}
		{C0C61C3E-718D-4952-AC0E-D240BB3EFAB2} = {076DB3E2-764A-4E13-BE33-9EFE4A50FA1C}
		{1285986F-373B-4008-B55A-D210AC8DF03F} = {C0C61C3E-718D-4952-AC0E-D240BB3EFAB2}
	EndGlobalSection
EndGlobal
